
Microsoft Visual Studio Solution File, Format Version 12.00
# Visual Studio Version 16
VisualStudioVersion = 16.0.29123.88
MinimumVisualStudioVersion = 10.0.40219.1
Project("{FAE04EC0-301F-11D3-BF4B-00C04F79EFBC}") = "cw1", "cw1.csproj", "{90E78EC2-9180-4D56-9CD6-3C0EB24FF187}"
EndProject
Global
	GlobalSection(SolutionConfigurationPlatforms) = preSolution
		Debug|Any CPU = Debug|Any CPU
		Release|Any CPU = Release|Any CPU
	EndGlobalSection
	GlobalSection(ProjectConfigurationPlatforms) = postSolution
		{90E78EC2-9180-4D56-9CD6-3C0EB24FF187}.Debug|Any CPU.ActiveCfg = Debug|Any CPU
		{90E78EC2-9180-4D56-9CD6-3C0EB24FF187}.Debug|Any CPU.Build.0 = Debug|Any CPU
		{90E78EC2-9180-4D56-9CD6-3C0EB24FF187}.Release|Any CPU.ActiveCfg = Release|Any CPU
		{90E78EC2-9180-4D56-9CD6-3C0EB24FF187}.Release|Any CPU.Build.0 = Release|Any CPU
	EndGlobalSection
	GlobalSection(SolutionProperties) = preSolution
		HideSolutionNode = FALSE
	EndGlobalSection
	GlobalSection(ExtensibilityGlobals) = postSolution
		SolutionGuid = {8F589F82-C07D-4996-95F2-79BA9541F145}
	EndGlobalSection
EndGlobal
